# This file is automatically @generated by Cargo.
# It is not intended for manual editing.
[[package]]
name = "Inflector"
version = "0.11.4"
source = "registry+https://github.com/rust-lang/crates.io-index"
checksum = "fe438c63458706e03479442743baae6c88256498e6431708f6dfc520a26515d3"
dependencies = [
 "lazy_static",
 "regex",
]

[[package]]
name = "aho-corasick"
version = "0.7.18"
source = "registry+https://github.com/rust-lang/crates.io-index"
checksum = "1e37cfd5e7657ada45f742d6e99ca5788580b5c529dc78faf11ece6dc702656f"
dependencies = [
 "memchr",
]

[[package]]
name = "arrayvec"
version = "0.5.2"
source = "registry+https://github.com/rust-lang/crates.io-index"
checksum = "23b62fc65de8e4e7f52534fb52b0f3ed04746ae267519eef2a83941e8085068b"

[[package]]
name = "ascii"
version = "0.9.3"
source = "registry+https://github.com/rust-lang/crates.io-index"
checksum = "eab1c04a571841102f5345a8fc0f6bb3d31c315dec879b5c6e42e40ce7ffa34e"

[[package]]
name = "ascii-canvas"
version = "3.0.0"
source = "registry+https://github.com/rust-lang/crates.io-index"
checksum = "8824ecca2e851cec16968d54a01dd372ef8f95b244fb84b84e70128be347c3c6"
dependencies = [
 "term",
]

[[package]]
name = "async-graphql"
version = "2.9.2"
source = "registry+https://github.com/rust-lang/crates.io-index"
checksum = "d2c1ad5d70ac93b1e60fdc67ca41e5b99e739d0333a66056ba5356e9ba5574d9"
dependencies = [
 "async-graphql-derive",
 "async-graphql-parser",
 "async-graphql-value",
 "async-stream",
 "async-trait",
 "fnv",
 "futures-util",
 "http",
 "indexmap",
 "multer",
 "once_cell",
 "pin-project-lite",
 "regex",
 "serde",
 "serde_json",
 "static_assertions",
 "tempfile",
 "thiserror",
]

[[package]]
name = "async-graphql-derive"
version = "2.9.2"
source = "registry+https://github.com/rust-lang/crates.io-index"
checksum = "ca12f51cb40f5dcd729e91a2fb47e33ba72abc18eed00f4c004e72005fa4db97"
dependencies = [
 "Inflector",
 "async-graphql-parser",
 "darling",
 "proc-macro-crate 1.0.0",
 "proc-macro2",
 "quote",
 "syn",
 "thiserror",
]

[[package]]
name = "async-graphql-parser"
version = "2.9.2"
source = "registry+https://github.com/rust-lang/crates.io-index"
checksum = "23be2aa22ef357403fa4e301f9d94ea82a3e7ef31f685d731b023772e1288181"
dependencies = [
 "async-graphql-value",
 "pest",
 "pest_derive",
 "serde",
 "serde_json",
]

[[package]]
name = "async-graphql-value"
version = "2.9.2"
source = "registry+https://github.com/rust-lang/crates.io-index"
checksum = "958f7d6fea125c8af9e41f16f7102a321998649688e6eb95e1e6376d4580ae34"
dependencies = [
 "serde",
 "serde_json",
]

[[package]]
name = "async-stream"
version = "0.3.2"
source = "registry+https://github.com/rust-lang/crates.io-index"
checksum = "171374e7e3b2504e0e5236e3b59260560f9fe94bfe9ac39ba5e4e929c5590625"
dependencies = [
 "async-stream-impl",
 "futures-core",
]

[[package]]
name = "async-stream-impl"
version = "0.3.2"
source = "registry+https://github.com/rust-lang/crates.io-index"
checksum = "648ed8c8d2ce5409ccd57453d9d1b214b342a0d69376a6feda1fd6cae3299308"
dependencies = [
 "proc-macro2",
 "quote",
 "syn",
]

[[package]]
name = "async-trait"
version = "0.1.50"
source = "registry+https://github.com/rust-lang/crates.io-index"
checksum = "0b98e84bbb4cbcdd97da190ba0c58a1bb0de2c1fdf67d159e192ed766aeca722"
dependencies = [
 "proc-macro2",
 "quote",
 "syn",
]

[[package]]
name = "atty"
version = "0.2.14"
source = "registry+https://github.com/rust-lang/crates.io-index"
checksum = "d9b39be18770d11421cdb1b9947a45dd3f37e93092cbf377614828a319d5fee8"
dependencies = [
 "hermit-abi",
 "libc",
 "winapi",
]

[[package]]
name = "autocfg"
version = "1.0.1"
source = "registry+https://github.com/rust-lang/crates.io-index"
checksum = "cdb031dd78e28731d87d56cc8ffef4a8f36ca26c38fe2de700543e627f8a464a"

[[package]]
name = "base32"
version = "0.4.0"
source = "registry+https://github.com/rust-lang/crates.io-index"
checksum = "23ce669cd6c8588f79e15cf450314f9638f967fc5770ff1c7c1deb0925ea7cfa"

[[package]]
name = "beef"
version = "0.5.0"
source = "registry+https://github.com/rust-lang/crates.io-index"
checksum = "6736e2428df2ca2848d846c43e88745121a6654696e349ce0054a420815a7409"

[[package]]
name = "bit-set"
version = "0.5.2"
source = "registry+https://github.com/rust-lang/crates.io-index"
checksum = "6e11e16035ea35e4e5997b393eacbf6f63983188f7a2ad25bfb13465f5ad59de"
dependencies = [
 "bit-vec",
]

[[package]]
name = "bit-vec"
version = "0.6.3"
source = "registry+https://github.com/rust-lang/crates.io-index"
checksum = "349f9b6a179ed607305526ca489b34ad0a41aed5f7980fa90eb03160b69598fb"

[[package]]
name = "bitflags"
version = "1.2.1"
source = "registry+https://github.com/rust-lang/crates.io-index"
checksum = "cf1de2fe8c75bc145a2f577add951f8134889b4795d47466a54a5c846d691693"

[[package]]
name = "block-buffer"
version = "0.7.3"
source = "registry+https://github.com/rust-lang/crates.io-index"
checksum = "c0940dc441f31689269e10ac70eb1002a3a1d3ad1390e030043662eb7fe4688b"
dependencies = [
 "block-padding",
 "byte-tools",
 "byteorder",
 "generic-array 0.12.4",
]

[[package]]
name = "block-buffer"
version = "0.9.0"
source = "registry+https://github.com/rust-lang/crates.io-index"
checksum = "4152116fd6e9dadb291ae18fc1ec3575ed6d84c29642d97890f4b4a3417297e4"
dependencies = [
 "generic-array 0.14.4",
]

[[package]]
name = "block-padding"
version = "0.1.5"
source = "registry+https://github.com/rust-lang/crates.io-index"
checksum = "fa79dedbb091f449f1f39e53edf88d5dbe95f895dae6135a8d7b881fb5af73f5"
dependencies = [
 "byte-tools",
]

[[package]]
name = "byte-tools"
version = "0.3.1"
source = "registry+https://github.com/rust-lang/crates.io-index"
checksum = "e3b5ca7a04898ad4bcd41c90c5285445ff5b791899bb1b0abdd2a2aa791211d7"

[[package]]
name = "byteorder"
version = "1.4.3"
source = "registry+https://github.com/rust-lang/crates.io-index"
checksum = "14c189c53d098945499cdfa7ecc63567cf3886b3332b312a5b4585d8d3a6a610"

[[package]]
name = "bytes"
version = "1.0.1"
source = "registry+https://github.com/rust-lang/crates.io-index"
checksum = "b700ce4376041dcd0a327fd0097c41095743c4c8af8887265942faf1100bd040"

[[package]]
name = "candid"
version = "0.6.21"
source = "registry+https://github.com/rust-lang/crates.io-index"
checksum = "65f05b872d010281c905c4e6ff2079c1341d1e527e05f3bfab88d49ea3269def"
dependencies = [
 "byteorder",
 "candid_derive",
 "codespan-reporting",
 "hex",
 "ic-types",
 "lalrpop",
 "lalrpop-util",
 "leb128",
 "logos",
 "num-bigint",
 "num-traits",
 "num_enum",
 "paste",
 "pretty",
 "serde",
 "serde_bytes",
 "thiserror",
]

[[package]]
name = "candid_derive"
version = "0.4.4"
source = "registry+https://github.com/rust-lang/crates.io-index"
checksum = "8d7232a5dd836d83ae9ffd79061b42d729afab6f11bfaba7dc2a82575b686ae2"
dependencies = [
 "lazy_static",
 "proc-macro2",
 "quote",
 "syn",
]

[[package]]
name = "cfg-if"
version = "0.1.10"
source = "registry+https://github.com/rust-lang/crates.io-index"
checksum = "4785bdd1c96b2a846b2bd7cc02e86b6b3dbf14e7e53446c4f54c92a361040822"

[[package]]
name = "cfg-if"
version = "1.0.0"
source = "registry+https://github.com/rust-lang/crates.io-index"
checksum = "baf1de4339761588bc0619e3cbc0120ee582ebb74b53b4efbf79117bd2da40fd"

[[package]]
name = "chrono"
version = "0.4.19"
source = "registry+https://github.com/rust-lang/crates.io-index"
checksum = "670ad68c9088c2a963aaa298cb369688cf3f9465ce5e2d4ca10e6e0098a1ce73"
dependencies = [
 "libc",
 "num-integer",
 "num-traits",
 "time",
 "winapi",
]

[[package]]
name = "codespan-reporting"
version = "0.9.5"
source = "registry+https://github.com/rust-lang/crates.io-index"
checksum = "6e0762455306b1ed42bc651ef6a2197aabda5e1d4a43c34d5eab5c1a3634e81d"
dependencies = [
 "termcolor",
 "unicode-width",
]

[[package]]
name = "combine"
version = "3.8.1"
source = "registry+https://github.com/rust-lang/crates.io-index"
checksum = "da3da6baa321ec19e1cc41d31bf599f00c783d0517095cdaf0332e3fe8d20680"
dependencies = [
 "ascii",
 "byteorder",
 "either",
 "memchr",
 "unreachable",
]

[[package]]
name = "convert_case"
version = "0.4.0"
source = "registry+https://github.com/rust-lang/crates.io-index"
checksum = "6245d59a3e82a7fc217c5828a6692dbc6dfb63a0c8c90495621f7b9d79704a0e"

[[package]]
name = "cpufeatures"
version = "0.1.4"
source = "registry+https://github.com/rust-lang/crates.io-index"
checksum = "ed00c67cb5d0a7d64a44f6ad2668db7e7530311dd53ea79bcd4fb022c64911c8"
dependencies = [
 "libc",
]

[[package]]
name = "crc32fast"
version = "1.2.1"
source = "registry+https://github.com/rust-lang/crates.io-index"
checksum = "81156fece84ab6a9f2afdb109ce3ae577e42b1228441eded99bd77f627953b1a"
dependencies = [
 "cfg-if 1.0.0",
]

[[package]]
name = "crunchy"
version = "0.2.2"
source = "registry+https://github.com/rust-lang/crates.io-index"
checksum = "7a81dae078cea95a014a339291cec439d2f232ebe854a9d672b796c6afafa9b7"

[[package]]
name = "darling"
version = "0.12.4"
source = "registry+https://github.com/rust-lang/crates.io-index"
checksum = "5f2c43f534ea4b0b049015d00269734195e6d3f0f6635cb692251aca6f9f8b3c"
dependencies = [
 "darling_core",
 "darling_macro",
]

[[package]]
name = "darling_core"
version = "0.12.4"
source = "registry+https://github.com/rust-lang/crates.io-index"
checksum = "8e91455b86830a1c21799d94524df0845183fa55bafd9aa137b01c7d1065fa36"
dependencies = [
 "fnv",
 "ident_case",
 "proc-macro2",
 "quote",
 "strsim",
 "syn",
]

[[package]]
name = "darling_macro"
version = "0.12.4"
source = "registry+https://github.com/rust-lang/crates.io-index"
checksum = "29b5acf0dea37a7f66f7b25d2c5e93fd46f8f6968b1a5d7a3e02e97768afc95a"
dependencies = [
 "darling_core",
 "quote",
 "syn",
]

[[package]]
name = "derivative"
version = "2.2.0"
source = "registry+https://github.com/rust-lang/crates.io-index"
checksum = "fcc3dd5e9e9c0b295d6e1e4d811fb6f157d5ffd784b8d202fc62eac8035a770b"
dependencies = [
 "proc-macro2",
 "quote",
 "syn",
]

[[package]]
name = "derive_more"
version = "0.99.14"
source = "registry+https://github.com/rust-lang/crates.io-index"
checksum = "5cc7b9cef1e351660e5443924e4f43ab25fbbed3e9a5f052df3677deb4d6b320"
dependencies = [
 "convert_case",
 "proc-macro2",
 "quote",
 "syn",
]

[[package]]
name = "diff"
version = "0.1.12"
source = "registry+https://github.com/rust-lang/crates.io-index"
checksum = "0e25ea47919b1560c4e3b7fe0aaab9becf5b84a10325ddf7db0f0ba5e1026499"

[[package]]
name = "digest"
version = "0.8.1"
source = "registry+https://github.com/rust-lang/crates.io-index"
checksum = "f3d0c8c8752312f9713efd397ff63acb9f85585afbf179282e720e7704954dd5"
dependencies = [
 "generic-array 0.12.4",
]

[[package]]
name = "digest"
version = "0.9.0"
source = "registry+https://github.com/rust-lang/crates.io-index"
checksum = "d3dd60d1080a57a05ab032377049e0591415d2b31afd7028356dbf3cc6dcb066"
dependencies = [
 "generic-array 0.14.4",
]

[[package]]
name = "dirs-next"
version = "2.0.0"
source = "registry+https://github.com/rust-lang/crates.io-index"
checksum = "b98cf8ebf19c3d1b223e151f99a4f9f0690dca41414773390fc824184ac833e1"
dependencies = [
 "cfg-if 1.0.0",
 "dirs-sys-next",
]

[[package]]
name = "dirs-sys-next"
version = "0.1.2"
source = "registry+https://github.com/rust-lang/crates.io-index"
checksum = "4ebda144c4fe02d1f7ea1a7d9641b6fc6b580adcfa024ae48797ecdeb6825b4d"
dependencies = [
 "libc",
 "redox_users",
 "winapi",
]

[[package]]
name = "either"
version = "1.6.1"
source = "registry+https://github.com/rust-lang/crates.io-index"
checksum = "e78d4f1cc4ae33bbfc157ed5d5a5ef3bc29227303d595861deb238fcec4e9457"

[[package]]
name = "ena"
version = "0.14.0"
source = "registry+https://github.com/rust-lang/crates.io-index"
checksum = "d7402b94a93c24e742487327a7cd839dc9d36fec9de9fb25b09f2dae459f36c3"
dependencies = [
 "log",
]

[[package]]
name = "encoding_rs"
version = "0.8.28"
source = "registry+https://github.com/rust-lang/crates.io-index"
checksum = "80df024fbc5ac80f87dfef0d9f5209a252f2a497f7f42944cff24d8253cac065"
dependencies = [
 "cfg-if 1.0.0",
]

[[package]]
name = "fake-simd"
version = "0.1.2"
source = "registry+https://github.com/rust-lang/crates.io-index"
checksum = "e88a8acf291dafb59c2d96e8f59828f3838bb1a70398823ade51a84de6a6deed"

[[package]]
name = "fixedbitset"
version = "0.2.0"
source = "registry+https://github.com/rust-lang/crates.io-index"
checksum = "37ab347416e802de484e4d03c7316c48f1ecb56574dfd4a46a80f173ce1de04d"

[[package]]
name = "fnv"
version = "1.0.7"
source = "registry+https://github.com/rust-lang/crates.io-index"
checksum = "3f9eec918d3f24069decb9af1554cad7c880e2da24a9afd88aca000531ab82c1"

[[package]]
name = "futures-core"
version = "0.3.15"
source = "registry+https://github.com/rust-lang/crates.io-index"
checksum = "0402f765d8a89a26043b889b26ce3c4679d268fa6bb22cd7c6aad98340e179d1"

[[package]]
name = "futures-io"
version = "0.3.15"
source = "registry+https://github.com/rust-lang/crates.io-index"
checksum = "acc499defb3b348f8d8f3f66415835a9131856ff7714bf10dadfc4ec4bdb29a1"

[[package]]
name = "futures-task"
version = "0.3.15"
source = "registry+https://github.com/rust-lang/crates.io-index"
checksum = "8a16bef9fc1a4dddb5bee51c989e3fbba26569cbb0e31f5b303c184e3dd33dae"

[[package]]
name = "futures-util"
version = "0.3.15"
source = "registry+https://github.com/rust-lang/crates.io-index"
checksum = "feb5c238d27e2bf94ffdfd27b2c29e3df4a68c4193bb6427384259e2bf191967"
dependencies = [
 "autocfg",
 "futures-core",
 "futures-io",
 "futures-task",
 "memchr",
 "pin-project-lite",
 "pin-utils",
 "slab",
]

[[package]]
name = "generic-array"
version = "0.12.4"
source = "registry+https://github.com/rust-lang/crates.io-index"
checksum = "ffdf9f34f1447443d37393cc6c2b8313aebddcd96906caf34e54c68d8e57d7bd"
dependencies = [
 "typenum",
]

[[package]]
name = "generic-array"
version = "0.14.4"
source = "registry+https://github.com/rust-lang/crates.io-index"
checksum = "501466ecc8a30d1d3b7fc9229b122b2ce8ed6e9d9223f1138d4babb253e51817"
dependencies = [
 "typenum",
 "version_check",
]

[[package]]
name = "getrandom"
version = "0.2.3"
source = "registry+https://github.com/rust-lang/crates.io-index"
checksum = "7fcd999463524c52659517fe2cea98493cfe485d10565e7b0fb07dbba7ad2753"
dependencies = [
 "cfg-if 1.0.0",
 "libc",
 "wasi",
]

[[package]]
name = "graphql"
version = "0.0.0"
dependencies = [
 "sudograph",
]

[[package]]
name = "graphql-parser"
version = "0.3.0"
source = "registry+https://github.com/rust-lang/crates.io-index"
checksum = "d1abd4ce5247dfc04a03ccde70f87a048458c9356c7e41d21ad8c407b3dde6f2"
dependencies = [
 "combine",
 "thiserror",
]

[[package]]
name = "hashbrown"
version = "0.9.1"
source = "registry+https://github.com/rust-lang/crates.io-index"
checksum = "d7afe4a420e3fe79967a00898cc1f4db7c8a49a9333a29f8a4bd76a253d5cd04"

[[package]]
name = "hermit-abi"
version = "0.1.18"
source = "registry+https://github.com/rust-lang/crates.io-index"
checksum = "322f4de77956e22ed0e5032c359a0f1273f1f7f0d79bfa3b8ffbc730d7fbcc5c"
dependencies = [
 "libc",
]

[[package]]
name = "hex"
version = "0.4.3"
source = "registry+https://github.com/rust-lang/crates.io-index"
checksum = "7f24254aa9a54b5c858eaee2f5bccdb46aaf0e486a595ed5fd8f86ba55232a70"

[[package]]
name = "http"
version = "0.2.4"
source = "registry+https://github.com/rust-lang/crates.io-index"
checksum = "527e8c9ac747e28542699a951517aa9a6945af506cd1f2e1b53a576c17b6cc11"
dependencies = [
 "bytes",
 "fnv",
 "itoa",
]

[[package]]
name = "httparse"
version = "1.4.1"
source = "registry+https://github.com/rust-lang/crates.io-index"
checksum = "f3a87b616e37e93c22fb19bcd386f02f3af5ea98a25670ad0fce773de23c5e68"

[[package]]
name = "ic-cdk"
version = "0.2.4"
source = "registry+https://github.com/rust-lang/crates.io-index"
checksum = "ae261fe701ff53bf985840749a67da01beb89c8bdb7a7d8fedbd772c72556ea8"
dependencies = [
 "candid",
 "cfg-if 0.1.10",
 "ic-types",
 "serde",
]

[[package]]
name = "ic-cdk-macros"
version = "0.2.4"
source = "registry+https://github.com/rust-lang/crates.io-index"
checksum = "d18985bb2a060d6d3ff052812b1067ed7e989088369a98c24ffd3de08b14030b"
dependencies = [
 "candid",
 "ic-cdk",
 "proc-macro2",
 "quote",
 "serde",
 "serde_tokenstream",
 "syn",
]

[[package]]
name = "ic-types"
version = "0.1.4"
source = "registry+https://github.com/rust-lang/crates.io-index"
checksum = "ceb8f8b743b686f4afb383b5b66ac80a695f7e0dc4995841efe271cd668cc208"
dependencies = [
 "base32",
 "crc32fast",
 "hex",
 "serde",
 "serde_bytes",
 "sha2",
 "thiserror",
]

[[package]]
name = "ident_case"
version = "1.0.1"
source = "registry+https://github.com/rust-lang/crates.io-index"
checksum = "b9e0384b61958566e926dc50660321d12159025e767c18e043daf26b70104c39"

[[package]]
name = "indexmap"
version = "1.6.2"
source = "registry+https://github.com/rust-lang/crates.io-index"
checksum = "824845a0bf897a9042383849b02c1bc219c2383772efcd5c6f9766fa4b81aef3"
dependencies = [
 "autocfg",
 "hashbrown",
]

[[package]]
name = "itertools"
version = "0.10.1"
source = "registry+https://github.com/rust-lang/crates.io-index"
checksum = "69ddb889f9d0d08a67338271fa9b62996bc788c7796a5c18cf057420aaed5eaf"
dependencies = [
 "either",
]

[[package]]
name = "itoa"
version = "0.4.7"
source = "registry+https://github.com/rust-lang/crates.io-index"
checksum = "dd25036021b0de88a0aff6b850051563c6516d0bf53f8638938edbb9de732736"

[[package]]
name = "lalrpop"
version = "0.19.6"
source = "registry+https://github.com/rust-lang/crates.io-index"
checksum = "b15174f1c529af5bf1283c3bc0058266b483a67156f79589fab2a25e23cf8988"
dependencies = [
 "ascii-canvas",
 "atty",
 "bit-set",
 "diff",
 "ena",
 "itertools",
 "lalrpop-util",
 "petgraph",
 "pico-args",
 "regex",
 "regex-syntax",
 "string_cache",
 "term",
 "tiny-keccak",
 "unicode-xid",
]

[[package]]
name = "lalrpop-util"
version = "0.19.6"
source = "registry+https://github.com/rust-lang/crates.io-index"
checksum = "d3e58cce361efcc90ba8a0a5f982c741ff86b603495bb15a998412e957dcd278"
dependencies = [
 "regex",
]

[[package]]
name = "lazy_static"
version = "1.4.0"
source = "registry+https://github.com/rust-lang/crates.io-index"
checksum = "e2abad23fbc42b3700f2f279844dc832adb2b2eb069b2df918f455c4e18cc646"

[[package]]
name = "leb128"
version = "0.2.4"
source = "registry+https://github.com/rust-lang/crates.io-index"
checksum = "3576a87f2ba00f6f106fdfcd16db1d698d648a26ad8e0573cad8537c3c362d2a"

[[package]]
name = "libc"
version = "0.2.96"
source = "registry+https://github.com/rust-lang/crates.io-index"
checksum = "5600b4e6efc5421841a2138a6b082e07fe12f9aaa12783d50e5d13325b26b4fc"

[[package]]
name = "log"
version = "0.4.14"
source = "registry+https://github.com/rust-lang/crates.io-index"
checksum = "51b9bbe6c47d51fc3e1a9b945965946b4c44142ab8792c50835a980d362c2710"
dependencies = [
 "cfg-if 1.0.0",
]

[[package]]
name = "logos"
version = "0.12.0"
source = "registry+https://github.com/rust-lang/crates.io-index"
checksum = "427e2abca5be13136da9afdbf874e6b34ad9001dd70f2b103b083a85daa7b345"
dependencies = [
 "logos-derive",
]

[[package]]
name = "logos-derive"
version = "0.12.0"
source = "registry+https://github.com/rust-lang/crates.io-index"
checksum = "56a7d287fd2ac3f75b11f19a1c8a874a7d55744bd91f7a1b3e7cf87d4343c36d"
dependencies = [
 "beef",
 "fnv",
 "proc-macro2",
 "quote",
 "regex-syntax",
 "syn",
 "utf8-ranges",
]

[[package]]
name = "maplit"
version = "1.0.2"
source = "registry+https://github.com/rust-lang/crates.io-index"
checksum = "3e2e65a1a2e43cfcb47a895c4c8b10d1f4a61097f9f254f183aee60cad9c651d"

[[package]]
name = "memchr"
version = "2.4.0"
source = "registry+https://github.com/rust-lang/crates.io-index"
checksum = "b16bd47d9e329435e309c58469fe0791c2d0d1ba96ec0954152a5ae2b04387dc"

[[package]]
name = "mime"
version = "0.3.16"
source = "registry+https://github.com/rust-lang/crates.io-index"
checksum = "2a60c7ce501c71e03a9c9c0d35b861413ae925bd979cc7a4e30d060069aaac8d"

[[package]]
name = "multer"
version = "2.0.0"
source = "registry+https://github.com/rust-lang/crates.io-index"
checksum = "0fdd568fea4758b30d6423f013f7171e193c34aa97828d1bd9f924fb3af30a8c"
dependencies = [
 "bytes",
 "derive_more",
 "encoding_rs",
 "futures-util",
 "http",
 "httparse",
 "log",
 "mime",
 "spin",
 "twoway",
 "version_check",
]

[[package]]
name = "new_debug_unreachable"
version = "1.0.4"
source = "registry+https://github.com/rust-lang/crates.io-index"
checksum = "e4a24736216ec316047a1fc4252e27dabb04218aa4a3f37c6e7ddbf1f9782b54"

[[package]]
name = "num-bigint"
version = "0.3.2"
source = "registry+https://github.com/rust-lang/crates.io-index"
checksum = "7d0a3d5e207573f948a9e5376662aa743a2ea13f7c50a554d7af443a73fbfeba"
dependencies = [
 "autocfg",
 "num-integer",
 "num-traits",
]

[[package]]
name = "num-integer"
version = "0.1.44"
source = "registry+https://github.com/rust-lang/crates.io-index"
checksum = "d2cc698a63b549a70bc047073d2949cce27cd1c7b0a4a862d08a8031bc2801db"
dependencies = [
 "autocfg",
 "num-traits",
]

[[package]]
name = "num-traits"
version = "0.2.14"
source = "registry+https://github.com/rust-lang/crates.io-index"
checksum = "9a64b1ec5cda2586e284722486d802acf1f7dbdc623e2bfc57e65ca1cd099290"
dependencies = [
 "autocfg",
]

[[package]]
name = "num_enum"
version = "0.5.1"
source = "registry+https://github.com/rust-lang/crates.io-index"
checksum = "226b45a5c2ac4dd696ed30fa6b94b057ad909c7b7fc2e0d0808192bced894066"
dependencies = [
 "derivative",
 "num_enum_derive",
]

[[package]]
name = "num_enum_derive"
version = "0.5.1"
source = "registry+https://github.com/rust-lang/crates.io-index"
checksum = "1c0fd9eba1d5db0994a239e09c1be402d35622277e35468ba891aa5e3188ce7e"
dependencies = [
 "proc-macro-crate 0.1.5",
 "proc-macro2",
 "quote",
 "syn",
]

[[package]]
name = "once_cell"
version = "1.7.2"
source = "registry+https://github.com/rust-lang/crates.io-index"
checksum = "af8b08b04175473088b46763e51ee54da5f9a164bc162f615b91bc179dbf15a3"

[[package]]
name = "opaque-debug"
version = "0.2.3"
source = "registry+https://github.com/rust-lang/crates.io-index"
checksum = "2839e79665f131bdb5782e51f2c6c9599c133c6098982a54c794358bf432529c"

[[package]]
name = "opaque-debug"
version = "0.3.0"
source = "registry+https://github.com/rust-lang/crates.io-index"
checksum = "624a8340c38c1b80fd549087862da4ba43e08858af025b236e509b6649fc13d5"

[[package]]
name = "paste"
version = "1.0.5"
source = "registry+https://github.com/rust-lang/crates.io-index"
checksum = "acbf547ad0c65e31259204bd90935776d1c693cec2f4ff7abb7a1bbbd40dfe58"

[[package]]
name = "pest"
version = "2.1.3"
source = "registry+https://github.com/rust-lang/crates.io-index"
checksum = "10f4872ae94d7b90ae48754df22fd42ad52ce740b8f370b03da4835417403e53"
dependencies = [
 "ucd-trie",
]

[[package]]
name = "pest_derive"
version = "2.1.0"
source = "registry+https://github.com/rust-lang/crates.io-index"
checksum = "833d1ae558dc601e9a60366421196a8d94bc0ac980476d0b67e1d0988d72b2d0"
dependencies = [
 "pest",
 "pest_generator",
]

[[package]]
name = "pest_generator"
version = "2.1.3"
source = "registry+https://github.com/rust-lang/crates.io-index"
checksum = "99b8db626e31e5b81787b9783425769681b347011cc59471e33ea46d2ea0cf55"
dependencies = [
 "pest",
 "pest_meta",
 "proc-macro2",
 "quote",
 "syn",
]

[[package]]
name = "pest_meta"
version = "2.1.3"
source = "registry+https://github.com/rust-lang/crates.io-index"
checksum = "54be6e404f5317079812fc8f9f5279de376d8856929e21c184ecf6bbd692a11d"
dependencies = [
 "maplit",
 "pest",
 "sha-1",
]

[[package]]
name = "petgraph"
version = "0.5.1"
source = "registry+https://github.com/rust-lang/crates.io-index"
checksum = "467d164a6de56270bd7c4d070df81d07beace25012d5103ced4e9ff08d6afdb7"
dependencies = [
 "fixedbitset",
 "indexmap",
]

[[package]]
name = "phf_shared"
version = "0.8.0"
source = "registry+https://github.com/rust-lang/crates.io-index"
checksum = "c00cf8b9eafe68dde5e9eaa2cef8ee84a9336a47d566ec55ca16589633b65af7"
dependencies = [
 "siphasher",
]

[[package]]
name = "pico-args"
version = "0.4.2"
source = "registry+https://github.com/rust-lang/crates.io-index"
checksum = "db8bcd96cb740d03149cbad5518db9fd87126a10ab519c011893b1754134c468"

[[package]]
name = "pin-project-lite"
version = "0.2.6"
source = "registry+https://github.com/rust-lang/crates.io-index"
checksum = "dc0e1f259c92177c30a4c9d177246edd0a3568b25756a977d0632cf8fa37e905"

[[package]]
name = "pin-utils"
version = "0.1.0"
source = "registry+https://github.com/rust-lang/crates.io-index"
checksum = "8b870d8c151b6f2fb93e84a13146138f05d02ed11c7e7c54f8826aaaf7c9f184"

[[package]]
name = "ppv-lite86"
version = "0.2.10"
source = "registry+https://github.com/rust-lang/crates.io-index"
checksum = "ac74c624d6b2d21f425f752262f42188365d7b8ff1aff74c82e45136510a4857"

[[package]]
name = "precomputed-hash"
version = "0.1.1"
source = "registry+https://github.com/rust-lang/crates.io-index"
checksum = "925383efa346730478fb4838dbe9137d2a47675ad789c546d150a6e1dd4ab31c"

[[package]]
name = "pretty"
version = "0.10.0"
source = "registry+https://github.com/rust-lang/crates.io-index"
checksum = "ad9940b913ee56ddd94aec2d3cd179dd47068236f42a1a6415ccf9d880ce2a61"
dependencies = [
 "arrayvec",
 "typed-arena",
]

[[package]]
name = "proc-macro-crate"
version = "0.1.5"
source = "registry+https://github.com/rust-lang/crates.io-index"
checksum = "1d6ea3c4595b96363c13943497db34af4460fb474a95c43f4446ad341b8c9785"
dependencies = [
 "toml",
]

[[package]]
name = "proc-macro-crate"
version = "1.0.0"
source = "registry+https://github.com/rust-lang/crates.io-index"
checksum = "41fdbd1df62156fbc5945f4762632564d7d038153091c3fcf1067f6aef7cff92"
dependencies = [
 "thiserror",
 "toml",
]

[[package]]
name = "proc-macro2"
version = "1.0.27"
source = "registry+https://github.com/rust-lang/crates.io-index"
checksum = "f0d8caf72986c1a598726adc988bb5984792ef84f5ee5aa50209145ee8077038"
dependencies = [
 "unicode-xid",
]

[[package]]
name = "quote"
version = "1.0.9"
source = "registry+https://github.com/rust-lang/crates.io-index"
checksum = "c3d0b9745dc2debf507c8422de05d7226cc1f0644216dfdfead988f9b1ab32a7"
dependencies = [
 "proc-macro2",
]

[[package]]
name = "rand"
version = "0.8.3"
source = "registry+https://github.com/rust-lang/crates.io-index"
checksum = "0ef9e7e66b4468674bfcb0c81af8b7fa0bb154fa9f28eb840da5c447baeb8d7e"
dependencies = [
 "libc",
 "rand_chacha",
 "rand_core",
 "rand_hc",
]

[[package]]
name = "rand_chacha"
version = "0.3.1"
source = "registry+https://github.com/rust-lang/crates.io-index"
checksum = "e6c10a63a0fa32252be49d21e7709d4d4baf8d231c2dbce1eaa8141b9b127d88"
dependencies = [
 "ppv-lite86",
 "rand_core",
]

[[package]]
name = "rand_core"
version = "0.6.2"
source = "registry+https://github.com/rust-lang/crates.io-index"
checksum = "34cf66eb183df1c5876e2dcf6b13d57340741e8dc255b48e40a26de954d06ae7"
dependencies = [
 "getrandom",
]

[[package]]
name = "rand_hc"
version = "0.3.0"
source = "registry+https://github.com/rust-lang/crates.io-index"
checksum = "3190ef7066a446f2e7f42e239d161e905420ccab01eb967c9eb27d21b2322a73"
dependencies = [
 "rand_core",
]

[[package]]
name = "redox_syscall"
version = "0.2.8"
source = "registry+https://github.com/rust-lang/crates.io-index"
checksum = "742739e41cd49414de871ea5e549afb7e2a3ac77b589bcbebe8c82fab37147fc"
dependencies = [
 "bitflags",
]

[[package]]
name = "redox_users"
version = "0.4.0"
source = "registry+https://github.com/rust-lang/crates.io-index"
checksum = "528532f3d801c87aec9def2add9ca802fe569e44a544afe633765267840abe64"
dependencies = [
 "getrandom",
 "redox_syscall",
]

[[package]]
name = "regex"
version = "1.5.4"
source = "registry+https://github.com/rust-lang/crates.io-index"
checksum = "d07a8629359eb56f1e2fb1652bb04212c072a87ba68546a04065d525673ac461"
dependencies = [
 "aho-corasick",
 "memchr",
 "regex-syntax",
]

[[package]]
name = "regex-syntax"
version = "0.6.25"
source = "registry+https://github.com/rust-lang/crates.io-index"
checksum = "f497285884f3fcff424ffc933e56d7cbca511def0c9831a7f9b5f6153e3cc89b"

[[package]]
name = "remove_dir_all"
version = "0.5.3"
source = "registry+https://github.com/rust-lang/crates.io-index"
checksum = "3acd125665422973a33ac9d3dd2df85edad0f4ae9b00dafb1a05e43a9f5ef8e7"
dependencies = [
 "winapi",
]

[[package]]
name = "rustversion"
version = "1.0.5"
source = "registry+https://github.com/rust-lang/crates.io-index"
checksum = "61b3909d758bb75c79f23d4736fac9433868679d3ad2ea7a61e3c25cfda9a088"

[[package]]
name = "ryu"
version = "1.0.5"
source = "registry+https://github.com/rust-lang/crates.io-index"
checksum = "71d301d4193d031abdd79ff7e3dd721168a9572ef3fe51a1517aba235bd8f86e"

[[package]]
name = "serde"
version = "1.0.126"
source = "registry+https://github.com/rust-lang/crates.io-index"
checksum = "ec7505abeacaec74ae4778d9d9328fe5a5d04253220a85c4ee022239fc996d03"
dependencies = [
 "serde_derive",
]

[[package]]
name = "serde_bytes"
version = "0.11.5"
source = "registry+https://github.com/rust-lang/crates.io-index"
checksum = "16ae07dd2f88a366f15bd0632ba725227018c69a1c8550a927324f8eb8368bb9"
dependencies = [
 "serde",
]

[[package]]
name = "serde_derive"
version = "1.0.126"
source = "registry+https://github.com/rust-lang/crates.io-index"
checksum = "963a7dbc9895aeac7ac90e74f34a5d5261828f79df35cbed41e10189d3804d43"
dependencies = [
 "proc-macro2",
 "quote",
 "syn",
]

[[package]]
name = "serde_json"
version = "1.0.64"
source = "registry+https://github.com/rust-lang/crates.io-index"
checksum = "799e97dc9fdae36a5c8b8f2cae9ce2ee9fdce2058c57a93e6099d919fd982f79"
dependencies = [
 "itoa",
 "ryu",
 "serde",
]

[[package]]
name = "serde_tokenstream"
version = "0.1.2"
source = "registry+https://github.com/rust-lang/crates.io-index"
checksum = "0c3ce95257fba42a656f558db28d56a9fac5aa6e4f29c5ef607f32f524fab0ab"
dependencies = [
 "proc-macro2",
 "serde",
 "syn",
]

[[package]]
name = "sha-1"
version = "0.8.2"
source = "registry+https://github.com/rust-lang/crates.io-index"
checksum = "f7d94d0bede923b3cea61f3f1ff57ff8cdfd77b400fb8f9998949e0cf04163df"
dependencies = [
 "block-buffer 0.7.3",
 "digest 0.8.1",
 "fake-simd",
 "opaque-debug 0.2.3",
]

[[package]]
name = "sha2"
version = "0.9.5"
source = "registry+https://github.com/rust-lang/crates.io-index"
checksum = "b362ae5752fd2137731f9fa25fd4d9058af34666ca1966fb969119cc35719f12"
dependencies = [
 "block-buffer 0.9.0",
 "cfg-if 1.0.0",
 "cpufeatures",
 "digest 0.9.0",
 "opaque-debug 0.3.0",
]

[[package]]
name = "siphasher"
version = "0.3.5"
source = "registry+https://github.com/rust-lang/crates.io-index"
checksum = "cbce6d4507c7e4a3962091436e56e95290cb71fa302d0d270e32130b75fbff27"

[[package]]
name = "slab"
version = "0.4.3"
source = "registry+https://github.com/rust-lang/crates.io-index"
checksum = "f173ac3d1a7e3b28003f40de0b5ce7fe2710f9b9dc3fc38664cebee46b3b6527"

[[package]]
name = "spin"
version = "0.9.0"
source = "registry+https://github.com/rust-lang/crates.io-index"
checksum = "b87bbf98cb81332a56c1ee8929845836f85e8ddd693157c30d76660196014478"

[[package]]
name = "static_assertions"
version = "1.1.0"
source = "registry+https://github.com/rust-lang/crates.io-index"
checksum = "a2eb9349b6444b326872e140eb1cf5e7c522154d69e7a0ffb0fb81c06b37543f"

[[package]]
name = "string_cache"
version = "0.8.1"
source = "registry+https://github.com/rust-lang/crates.io-index"
checksum = "8ddb1139b5353f96e429e1a5e19fbaf663bddedaa06d1dbd49f82e352601209a"
dependencies = [
 "lazy_static",
 "new_debug_unreachable",
 "phf_shared",
 "precomputed-hash",
]

[[package]]
name = "strsim"
version = "0.10.0"
source = "registry+https://github.com/rust-lang/crates.io-index"
checksum = "73473c0e59e6d5812c5dfe2a064a6444949f089e20eec9a2e5506596494e4623"

[[package]]
name = "sudodb"
version = "0.2.0-beta.23"
dependencies = [
 "base32",
 "chrono",
 "ic-cdk",
 "rand",
 "sha2",
]

[[package]]
name = "sudograph"
version = "0.2.0-beta.23"
dependencies = [
 "async-graphql",
 "getrandom",
 "ic-cdk",
 "ic-cdk-macros",
 "rand",
 "serde",
 "serde_json",
 "sudodb",
 "sudograph-generate",
]

[[package]]
name = "sudograph-generate"
version = "0.2.0-beta.23"
dependencies = [
 "graphql-parser",
 "proc-macro2",
 "quote",
 "syn",
]

[[package]]
name = "syn"
version = "1.0.73"
source = "registry+https://github.com/rust-lang/crates.io-index"
checksum = "f71489ff30030d2ae598524f61326b902466f72a0fb1a8564c001cc63425bcc7"
dependencies = [
 "proc-macro2",
 "quote",
 "unicode-xid",
]

[[package]]
name = "tempfile"
version = "3.2.0"
source = "registry+https://github.com/rust-lang/crates.io-index"
checksum = "dac1c663cfc93810f88aed9b8941d48cabf856a1b111c29a40439018d870eb22"
dependencies = [
 "cfg-if 1.0.0",
 "libc",
 "rand",
 "redox_syscall",
 "remove_dir_all",
 "winapi",
]

[[package]]
name = "term"
version = "0.7.0"
source = "registry+https://github.com/rust-lang/crates.io-index"
checksum = "c59df8ac95d96ff9bede18eb7300b0fda5e5d8d90960e76f8e14ae765eedbf1f"
dependencies = [
 "dirs-next",
 "rustversion",
 "winapi",
]

[[package]]
name = "termcolor"
version = "1.1.2"
source = "registry+https://github.com/rust-lang/crates.io-index"
checksum = "2dfed899f0eb03f32ee8c6a0aabdb8a7949659e3466561fc0adf54e26d88c5f4"
dependencies = [
 "winapi-util",
]

[[package]]
name = "thiserror"
version = "1.0.25"
source = "registry+https://github.com/rust-lang/crates.io-index"
checksum = "fa6f76457f59514c7eeb4e59d891395fab0b2fd1d40723ae737d64153392e9c6"
dependencies = [
 "thiserror-impl",
]

[[package]]
name = "thiserror-impl"
version = "1.0.25"
source = "registry+https://github.com/rust-lang/crates.io-index"
checksum = "8a36768c0fbf1bb15eca10defa29526bda730a2376c2ab4393ccfa16fb1a318d"
dependencies = [
 "proc-macro2",
 "quote",
 "syn",
]

[[package]]
name = "time"
version = "0.1.44"
source = "registry+https://github.com/rust-lang/crates.io-index"
checksum = "6db9e6914ab8b1ae1c260a4ae7a49b6c5611b40328a735b21862567685e73255"
dependencies = [
 "libc",
 "wasi",
 "winapi",
]

[[package]]
name = "tiny-keccak"
version = "2.0.2"
source = "registry+https://github.com/rust-lang/crates.io-index"
checksum = "2c9d3793400a45f954c52e73d068316d76b6f4e36977e3fcebb13a2721e80237"
dependencies = [
 "crunchy",
]

[[package]]
name = "toml"
version = "0.5.8"
source = "registry+https://github.com/rust-lang/crates.io-index"
checksum = "a31142970826733df8241ef35dc040ef98c679ab14d7c3e54d827099b3acecaa"
dependencies = [
 "serde",
]

[[package]]
name = "twoway"
version = "0.2.2"
source = "registry+https://github.com/rust-lang/crates.io-index"
checksum = "c57ffb460d7c24cd6eda43694110189030a3d1dfe418416d9468fd1c1d290b47"
dependencies = [
 "memchr",
 "unchecked-index",
]

[[package]]
name = "typed-arena"
version = "2.0.1"
source = "registry+https://github.com/rust-lang/crates.io-index"
checksum = "0685c84d5d54d1c26f7d3eb96cd41550adb97baed141a761cf335d3d33bcd0ae"

[[package]]
name = "typenum"
version = "1.13.0"
source = "registry+https://github.com/rust-lang/crates.io-index"
checksum = "879f6906492a7cd215bfa4cf595b600146ccfac0c79bcbd1f3000162af5e8b06"

[[package]]
name = "ucd-trie"
version = "0.1.3"
source = "registry+https://github.com/rust-lang/crates.io-index"
checksum = "56dee185309b50d1f11bfedef0fe6d036842e3fb77413abef29f8f8d1c5d4c1c"

[[package]]
name = "unchecked-index"
version = "0.2.2"
source = "registry+https://github.com/rust-lang/crates.io-index"
checksum = "eeba86d422ce181a719445e51872fa30f1f7413b62becb52e95ec91aa262d85c"

[[package]]
name = "unicode-width"
version = "0.1.8"
source = "registry+https://github.com/rust-lang/crates.io-index"
checksum = "9337591893a19b88d8d87f2cec1e73fad5cdfd10e5a6f349f498ad6ea2ffb1e3"

[[package]]
name = "unicode-xid"
version = "0.2.2"
source = "registry+https://github.com/rust-lang/crates.io-index"
checksum = "8ccb82d61f80a663efe1f787a51b16b5a51e3314d6ac365b08639f52387b33f3"

[[package]]
name = "unreachable"
version = "1.0.0"
source = "registry+https://github.com/rust-lang/crates.io-index"
checksum = "382810877fe448991dfc7f0dd6e3ae5d58088fd0ea5e35189655f84e6814fa56"
dependencies = [
 "void",
]

[[package]]
name = "utf8-ranges"
version = "1.0.4"
source = "registry+https://github.com/rust-lang/crates.io-index"
checksum = "b4ae116fef2b7fea257ed6440d3cfcff7f190865f170cdad00bb6465bf18ecba"

[[package]]
name = "version_check"
version = "0.9.3"
source = "registry+https://github.com/rust-lang/crates.io-index"
checksum = "5fecdca9a5291cc2b8dcf7dc02453fee791a280f3743cb0905f8822ae463b3fe"

[[package]]
name = "void"
version = "1.0.2"
source = "registry+https://github.com/rust-lang/crates.io-index"
checksum = "6a02e4885ed3bc0f2de90ea6dd45ebcbb66dacffe03547fadbb0eeae2770887d"

[[package]]
name = "wasi"
version = "0.10.0+wasi-snapshot-preview1"
source = "registry+https://github.com/rust-lang/crates.io-index"
checksum = "1a143597ca7c7793eff794def352d41792a93c481eb1042423ff7ff72ba2c31f"

[[package]]
name = "winapi"
version = "0.3.9"
source = "registry+https://github.com/rust-lang/crates.io-index"
checksum = "5c839a674fcd7a98952e593242ea400abe93992746761e38641405d28b00f419"
dependencies = [
 "winapi-i686-pc-windows-gnu",
 "winapi-x86_64-pc-windows-gnu",
]

[[package]]
name = "winapi-i686-pc-windows-gnu"
version = "0.4.0"
source = "registry+https://github.com/rust-lang/crates.io-index"
checksum = "ac3b87c63620426dd9b991e5ce0329eff545bccbbb34f3be09ff6fb6ab51b7b6"

[[package]]
name = "winapi-util"
version = "0.1.5"
source = "registry+https://github.com/rust-lang/crates.io-index"
checksum = "70ec6ce85bb158151cae5e5c87f95a8e97d2c0c4b001223f33a334e3ce5de178"
dependencies = [
 "winapi",
]

[[package]]
name = "winapi-x86_64-pc-windows-gnu"
version = "0.4.0"
source = "registry+https://github.com/rust-lang/crates.io-index"
checksum = "712e227841d057c1ee1cd2fb22fa7e5a5461ae8e48fa2ca79ec42cfc1931183f"
